
Microsoft Visual Studio Solution File, Format Version 12.00
# Visual Studio Version 16
VisualStudioVersion = 16.0.28711.60
MinimumVisualStudioVersion = 10.0.40219.1
Project("{9A19103F-16F7-4668-BE54-9A1E7A4F7556}") = "NotifyIconWpf", "NotifyIconWpf\NotifyIconWpf.csproj", "{7AC63864-7638-41C4-969C-D3197EF2BED9}"
EndProject
Project("{9A19103F-16F7-4668-BE54-9A1E7A4F7556}") = "Windowless Sample", "Windowless Sample\Windowless Sample.csproj", "{964EBFBE-A600-49B2-BDD8-422B46F1D544}"
EndProject
Project("{9A19103F-16F7-4668-BE54-9A1E7A4F7556}") = "Sample Project", "Sample Project\Sample Project.csproj", "{F2FB949E-A674-45BA-A0CA-622501A6EF8C}"
EndProject
Global
	GlobalSection(SolutionConfigurationPlatforms) = preSolution
		Debug|Any CPU = Debug|Any CPU
		Release|Any CPU = Release|Any CPU
	EndGlobalSection
	GlobalSection(ProjectConfigurationPlatforms) = postSolution
		{7AC63864-7638-41C4-969C-D3197EF2BED9}.Debug|Any CPU.ActiveCfg = Debug|Any CPU
		{7AC63864-7638-41C4-969C-D3197EF2BED9}.Debug|Any CPU.Build.0 = Debug|Any CPU
		{7AC63864-7638-41C4-969C-D3197EF2BED9}.Release|Any CPU.ActiveCfg = Release|Any CPU
		{7AC63864-7638-41C4-969C-D3197EF2BED9}.Release|Any CPU.Build.0 = Release|Any CPU
		{964EBFBE-A600-49B2-BDD8-422B46F1D544}.Debug|Any CPU.ActiveCfg = Debug|Any CPU
		{964EBFBE-A600-49B2-BDD8-422B46F1D544}.Debug|Any CPU.Build.0 = Debug|Any CPU
		{964EBFBE-A600-49B2-BDD8-422B46F1D544}.Release|Any CPU.ActiveCfg = Release|Any CPU
		{964EBFBE-A600-49B2-BDD8-422B46F1D544}.Release|Any CPU.Build.0 = Release|Any CPU
		{F2FB949E-A674-45BA-A0CA-622501A6EF8C}.Debug|Any CPU.ActiveCfg = Debug|Any CPU
		{F2FB949E-A674-45BA-A0CA-622501A6EF8C}.Debug|Any CPU.Build.0 = Debug|Any CPU
		{F2FB949E-A674-45BA-A0CA-622501A6EF8C}.Release|Any CPU.ActiveCfg = Release|Any CPU
		{F2FB949E-A674-45BA-A0CA-622501A6EF8C}.Release|Any CPU.Build.0 = Release|Any CPU
	EndGlobalSection
	GlobalSection(SolutionProperties) = preSolution
		HideSolutionNode = FALSE
	EndGlobalSection
	GlobalSection(ExtensibilityGlobals) = postSolution
		SolutionGuid = {C139BD97-A4F7-411B-99B1-824CE1ABA403}
	EndGlobalSection
EndGlobal
